{
    "_readme": [
        "This file locks the dependencies of your project to a known state",
        "Read more about it at https://getcomposer.org/doc/01-basic-usage.md#composer-lock-the-lock-file",
        "This file is @generated automatically"
    ],
    "hash": "be872dabb976a22a8315286314455a73",
    "content-hash": "299e535a52e9a82be645663c4441628f",
    "packages": [
        {
            "name": "box/spout",
            "version": "v2.7.2",
            "source": {
                "type": "git",
                "url": "https://github.com/box/spout.git",
                "reference": "4a65466b6135d2aa28dd3bc52785a5e999f95fe8"
            },
            "dist": {
                "type": "zip",
                "url": "https://api.github.com/repos/box/spout/zipball/4a65466b6135d2aa28dd3bc52785a5e999f95fe8",
                "reference": "4a65466b6135d2aa28dd3bc52785a5e999f95fe8",
                "shasum": ""
            },
            "require": {
                "ext-simplexml": "*",
                "ext-xmlreader": "*",
                "ext-zip": "*",
                "php": ">=5.4.0"
            },
            "require-dev": {
                "phpunit/phpunit": "^4.8.0"
            },
            "suggest": {
                "ext-iconv": "To handle non UTF-8 CSV files (if \"php-intl\" is not already installed or is too limited)",
                "ext-intl": "To handle non UTF-8 CSV files (if \"iconv\" is not already installed)"
            },
            "type": "library",
            "extra": {
                "branch-alias": {
                    "dev-master": "2.8.x-dev"
                }
            },
            "autoload": {
                "psr-4": {
                    "Box\\Spout\\": "src/Spout"
                }
            },
            "notification-url": "https://packagist.org/downloads/",
            "license": [
                "Apache-2.0"
            ],
            "authors": [
                {
                    "name": "Adrien Loison",
                    "email": "adrien@box.com"
                }
            ],
            "description": "PHP Library to read and write spreadsheet files (CSV, XLSX and ODS), in a fast and scalable way",
            "homepage": "https://www.github.com/box/spout",
            "keywords": [
                "OOXML",
                "csv",
                "excel",
                "memory",
                "odf",
                "ods",
                "office",
                "open",
                "php",
                "read",
                "scale",
                "spreadsheet",
                "stream",
                "write",
                "xlsx"
            ],
            "time": "2017-03-28 13:07:48"
        },
        {
            "name": "doctrine/cache",
            "version": "v1.6.1",
            "source": {
                "type": "git",
                "url": "https://github.com/doctrine/cache.git",
                "reference": "b6f544a20f4807e81f7044d31e679ccbb1866dc3"
            },
            "dist": {
                "type": "zip",
                "url": "https://api.github.com/repos/doctrine/cache/zipball/b6f544a20f4807e81f7044d31e679ccbb1866dc3",
                "reference": "b6f544a20f4807e81f7044d31e679ccbb1866dc3",
                "shasum": ""
            },
            "require": {
                "php": "~5.5|~7.0"
            },
            "conflict": {
                "doctrine/common": ">2.2,<2.4"
            },
            "require-dev": {
                "phpunit/phpunit": "~4.8|~5.0",
                "predis/predis": "~1.0",
                "satooshi/php-coveralls": "~0.6"
            },
            "type": "library",
            "extra": {
                "branch-alias": {
                    "dev-master": "1.6.x-dev"
                }
            },
            "autoload": {
                "psr-4": {
                    "Doctrine\\Common\\Cache\\": "lib/Doctrine/Common/Cache"
                }
            },
            "notification-url": "https://packagist.org/downloads/",
            "license": [
                "MIT"
            ],
            "authors": [
                {
                    "name": "Roman Borschel",
                    "email": "roman@code-factory.org"
                },
                {
                    "name": "Benjamin Eberlei",
                    "email": "kontakt@beberlei.de"
                },
                {
                    "name": "Guilherme Blanco",
                    "email": "guilhermeblanco@gmail.com"
                },
                {
                    "name": "Jonathan Wage",
                    "email": "jonwage@gmail.com"
                },
                {
                    "name": "Johannes Schmitt",
                    "email": "schmittjoh@gmail.com"
                }
            ],
            "description": "Caching library offering an object-oriented API for many cache backends",
            "homepage": "http://www.doctrine-project.org",
            "keywords": [
                "cache",
                "caching"
            ],
            "time": "2016-10-29 11:16:17"
        },
        {
            "name": "h4cc/wkhtmltopdf-amd64",
            "version": "0.12.3",
            "source": {
                "type": "git",
                "url": "https://github.com/h4cc/wkhtmltopdf-amd64.git",
                "reference": "b80ce6720349e98cebac7e8a19426455805fa7e1"
            },
            "dist": {
                "type": "zip",
                "url": "https://api.github.com/repos/h4cc/wkhtmltopdf-amd64/zipball/b80ce6720349e98cebac7e8a19426455805fa7e1",
                "reference": "b80ce6720349e98cebac7e8a19426455805fa7e1",
                "shasum": ""
            },
            "bin": [
                "bin/wkhtmltopdf-amd64"
            ],
            "type": "library",
            "notification-url": "https://packagist.org/downloads/",
            "license": [
                "LGPL Version 3"
            ],
            "authors": [
                {
                    "name": "Julius Beckmann",
                    "email": "github@h4cc.de"
                }
            ],
            "description": "Convert html to pdf using webkit (qtwebkit). Static linked linux binary for amd64 systems.",
            "homepage": "http://wkhtmltopdf.org/",
            "keywords": [
                "binary",
                "convert",
                "pdf",
                "snapshot",
                "thumbnail",
                "wkhtmltopdf"
            ],
            "time": "2016-02-02 19:38:55"
        },
        {
            "name": "profburial/wkhtmltopdf-binaries-osx",
            "version": "v0.12.1",
            "source": {
                "type": "git",
                "url": "https://github.com/profburial/wkhtmltopdf-binaries-osx.git",
                "reference": "efa6306ce911e12eff2744133090127c5ff3be8d"
            },
            "dist": {
                "type": "zip",
                "url": "https://api.github.com/repos/profburial/wkhtmltopdf-binaries-osx/zipball/efa6306ce911e12eff2744133090127c5ff3be8d",
                "reference": "efa6306ce911e12eff2744133090127c5ff3be8d",
                "shasum": ""
            },
            "bin": [
                "bin/wkhtmltoimage-amd64-osx",
                "bin/wkhtmltopdf-amd64-osx"
            ],
            "type": "library",
            "notification-url": "https://packagist.org/downloads/",
            "license": [
                "LGPL Version 3"
            ],
            "authors": [
                {
                    "name": "Terry Harmon",
                    "email": "terry@polymorphdev.com"
                }
            ],
            "description": "All the wkhtmltopdf binaries for OSX.",
            "homepage": "https://github.com/profburial/wkhtmltopdf-binaries-osx",
            "keywords": [
                "binary",
                "pdf",
                "wkhtmltopdf"
            ],
            "time": "2014-10-19 18:24:06"
        },
        {
            "name": "swiftmailer/swiftmailer",
            "version": "v5.4.8",
            "source": {
                "type": "git",
                "url": "https://github.com/swiftmailer/swiftmailer.git",
                "reference": "9a06dc570a0367850280eefd3f1dc2da45aef517"
            },
            "dist": {
                "type": "zip",
                "url": "https://api.github.com/repos/swiftmailer/swiftmailer/zipball/9a06dc570a0367850280eefd3f1dc2da45aef517",
                "reference": "9a06dc570a0367850280eefd3f1dc2da45aef517",
                "shasum": ""
            },
            "require": {
                "php": ">=5.3.3"
            },
            "require-dev": {
                "mockery/mockery": "~0.9.1",
                "symfony/phpunit-bridge": "~3.2"
            },
            "type": "library",
            "extra": {
                "branch-alias": {
                    "dev-master": "5.4-dev"
                }
            },
            "autoload": {
                "files": [
                    "lib/swift_required.php"
                ]
            },
            "notification-url": "https://packagist.org/downloads/",
            "license": [
                "MIT"
            ],
            "authors": [
                {
                    "name": "Chris Corbyn"
                },
                {
                    "name": "Fabien Potencier",
                    "email": "fabien@symfony.com"
                }
            ],
            "description": "Swiftmailer, free feature-rich PHP mailer",
            "homepage": "http://swiftmailer.org",
            "keywords": [
                "email",
                "mail",
                "mailer"
            ],
            "time": "2017-05-01 15:54:03"
        }
    ],
    "packages-dev": [],
    "aliases": [],
    "minimum-stability": "stable",
    "stability-flags": [],
    "prefer-stable": false,
    "prefer-lowest": false,
    "platform": [],
    "platform-dev": []
}
